
Microsoft Visual Studio Solution File, Format Version 12.00
# Visual Studio 15
Project("{FAE04EC0-301F-11D3-BF4B-00C04F79EFBC}") = "Assembly-CSharp", "Assembly-CSharp.csproj", "{9526BBB3-D3C9-D010-4A15-D6CCCF2C2A14}"
EndProject
Project("{FAE04EC0-301F-11D3-BF4B-00C04F79EFBC}") = "PhotonUnityNetworking.Demos", "PhotonUnityNetworking.Demos.csproj", "{0D603FAC-5E34-5A6F-1BD4-2FD374F0D903}"
EndProject
Project("{FAE04EC0-301F-11D3-BF4B-00C04F79EFBC}") = "PhotonRealtime", "PhotonRealtime.csproj", "{82094548-BC3B-6B2F-0DF9-3F6892A86190}"
EndProject
Project("{FAE04EC0-301F-11D3-BF4B-00C04F79EFBC}") = "PhotonUnityNetworking", "PhotonUnityNetworking.csproj", "{8DB79CEA-C306-633A-B3D4-7F17D2CAAF89}"
EndProject
Project("{FAE04EC0-301F-11D3-BF4B-00C04F79EFBC}") = "PhotonUnityNetworking.Utilities", "PhotonUnityNetworking.Utilities.csproj", "{A70994DD-552D-FCF3-C293-B53EBCC31C1D}"
EndProject
Project("{FAE04EC0-301F-11D3-BF4B-00C04F79EFBC}") = "PhotonChat", "PhotonChat.csproj", "{D040D268-4C89-976E-9F2E-893E8227B542}"
EndProject
Project("{FAE04EC0-301F-11D3-BF4B-00C04F79EFBC}") = "PhotonUnityNetworking.Editor", "PhotonUnityNetworking.Editor.csproj", "{1140F1C6-9FAE-B2A1-6983-5022DC4D8AC1}"
EndProject
Project("{FAE04EC0-301F-11D3-BF4B-00C04F79EFBC}") = "PhotonUnityNetworking.Utilities.PhotonPlayer.Editor", "PhotonUnityNetworking.Utilities.PhotonPlayer.Editor.csproj", "{3B62D2F3-0FA7-D228-2A4C-0A04C4B96A97}"
EndProject
Project("{FAE04EC0-301F-11D3-BF4B-00C04F79EFBC}") = "PunDemos.DemoSlotcarEditor", "PunDemos.DemoSlotcarEditor.csproj", "{A33839B2-D0DB-CDAF-5641-1A8AC97EB7CA}"
EndProject
Project("{FAE04EC0-301F-11D3-BF4B-00C04F79EFBC}") = "PhotonUnityNetworking.Utilities.Culling.Editor", "PhotonUnityNetworking.Utilities.Culling.Editor.csproj", "{B592DC34-9F8E-B099-5FF4-91D7220FD97D}"
EndProject
Project("{FAE04EC0-301F-11D3-BF4B-00C04F79EFBC}") = "PunDemos.DemoHubEditor", "PunDemos.DemoHubEditor.csproj", "{ABC1910E-F117-ABE3-E924-ABE7BE203B37}"
EndProject
Project("{FAE04EC0-301F-11D3-BF4B-00C04F79EFBC}") = "Assembly-CSharp-Editor", "Assembly-CSharp-Editor.csproj", "{D8E41965-3E86-D9A0-A4D2-ED1FB8CEE08A}"
EndProject
Global
	GlobalSection(SolutionConfigurationPlatforms) = preSolution
		Debug|Any CPU = Debug|Any CPU
		Release|Any CPU = Release|Any CPU
	EndGlobalSection
	GlobalSection(ProjectConfigurationPlatforms) = postSolution
		{9526BBB3-D3C9-D010-4A15-D6CCCF2C2A14}.Debug|Any CPU.ActiveCfg = Debug|Any CPU
		{9526BBB3-D3C9-D010-4A15-D6CCCF2C2A14}.Debug|Any CPU.Build.0 = Debug|Any CPU
		{9526BBB3-D3C9-D010-4A15-D6CCCF2C2A14}.Release|Any CPU.ActiveCfg = Release|Any CPU
		{9526BBB3-D3C9-D010-4A15-D6CCCF2C2A14}.Release|Any CPU.Build.0 = Release|Any CPU
		{0D603FAC-5E34-5A6F-1BD4-2FD374F0D903}.Debug|Any CPU.ActiveCfg = Debug|Any CPU
		{0D603FAC-5E34-5A6F-1BD4-2FD374F0D903}.Debug|Any CPU.Build.0 = Debug|Any CPU
		{0D603FAC-5E34-5A6F-1BD4-2FD374F0D903}.Release|Any CPU.ActiveCfg = Release|Any CPU
		{0D603FAC-5E34-5A6F-1BD4-2FD374F0D903}.Release|Any CPU.Build.0 = Release|Any CPU
		{82094548-BC3B-6B2F-0DF9-3F6892A86190}.Debug|Any CPU.ActiveCfg = Debug|Any CPU
		{82094548-BC3B-6B2F-0DF9-3F6892A86190}.Debug|Any CPU.Build.0 = Debug|Any CPU
		{82094548-BC3B-6B2F-0DF9-3F6892A86190}.Release|Any CPU.ActiveCfg = Release|Any CPU
		{82094548-BC3B-6B2F-0DF9-3F6892A86190}.Release|Any CPU.Build.0 = Release|Any CPU
		{8DB79CEA-C306-633A-B3D4-7F17D2CAAF89}.Debug|Any CPU.ActiveCfg = Debug|Any CPU
		{8DB79CEA-C306-633A-B3D4-7F17D2CAAF89}.Debug|Any CPU.Build.0 = Debug|Any CPU
		{8DB79CEA-C306-633A-B3D4-7F17D2CAAF89}.Release|Any CPU.ActiveCfg = Release|Any CPU
		{8DB79CEA-C306-633A-B3D4-7F17D2CAAF89}.Release|Any CPU.Build.0 = Release|Any CPU
		{A70994DD-552D-FCF3-C293-B53EBCC31C1D}.Debug|Any CPU.ActiveCfg = Debug|Any CPU
		{A70994DD-552D-FCF3-C293-B53EBCC31C1D}.Debug|Any CPU.Build.0 = Debug|Any CPU
		{A70994DD-552D-FCF3-C293-B53EBCC31C1D}.Release|Any CPU.ActiveCfg = Release|Any CPU
		{A70994DD-552D-FCF3-C293-B53EBCC31C1D}.Release|Any CPU.Build.0 = Release|Any CPU
		{D040D268-4C89-976E-9F2E-893E8227B542}.Debug|Any CPU.ActiveCfg = Debug|Any CPU
		{D040D268-4C89-976E-9F2E-893E8227B542}.Debug|Any CPU.Build.0 = Debug|Any CPU
		{D040D268-4C89-976E-9F2E-893E8227B542}.Release|Any CPU.ActiveCfg = Release|Any CPU
		{D040D268-4C89-976E-9F2E-893E8227B542}.Release|Any CPU.Build.0 = Release|Any CPU
		{1140F1C6-9FAE-B2A1-6983-5022DC4D8AC1}.Debug|Any CPU.ActiveCfg = Debug|Any CPU
		{1140F1C6-9FAE-B2A1-6983-5022DC4D8AC1}.Debug|Any CPU.Build.0 = Debug|Any CPU
		{1140F1C6-9FAE-B2A1-6983-5022DC4D8AC1}.Release|Any CPU.ActiveCfg = Release|Any CPU
		{1140F1C6-9FAE-B2A1-6983-5022DC4D8AC1}.Release|Any CPU.Build.0 = Release|Any CPU
		{3B62D2F3-0FA7-D228-2A4C-0A04C4B96A97}.Debug|Any CPU.ActiveCfg = Debug|Any CPU
		{3B62D2F3-0FA7-D228-2A4C-0A04C4B96A97}.Debug|Any CPU.Build.0 = Debug|Any CPU
		{3B62D2F3-0FA7-D228-2A4C-0A04C4B96A97}.Release|Any CPU.ActiveCfg = Release|Any CPU
		{3B62D2F3-0FA7-D228-2A4C-0A04C4B96A97}.Release|Any CPU.Build.0 = Release|Any CPU
		{A33839B2-D0DB-CDAF-5641-1A8AC97EB7CA}.Debug|Any CPU.ActiveCfg = Debug|Any CPU
		{A33839B2-D0DB-CDAF-5641-1A8AC97EB7CA}.Debug|Any CPU.Build.0 = Debug|Any CPU
		{A33839B2-D0DB-CDAF-5641-1A8AC97EB7CA}.Release|Any CPU.ActiveCfg = Release|Any CPU
		{A33839B2-D0DB-CDAF-5641-1A8AC97EB7CA}.Release|Any CPU.Build.0 = Release|Any CPU
		{B592DC34-9F8E-B099-5FF4-91D7220FD97D}.Debug|Any CPU.ActiveCfg = Debug|Any CPU
		{B592DC34-9F8E-B099-5FF4-91D7220FD97D}.Debug|Any CPU.Build.0 = Debug|Any CPU
		{B592DC34-9F8E-B099-5FF4-91D7220FD97D}.Release|Any CPU.ActiveCfg = Release|Any CPU
		{B592DC34-9F8E-B099-5FF4-91D7220FD97D}.Release|Any CPU.Build.0 = Release|Any CPU
		{ABC1910E-F117-ABE3-E924-ABE7BE203B37}.Debug|Any CPU.ActiveCfg = Debug|Any CPU
		{ABC1910E-F117-ABE3-E924-ABE7BE203B37}.Debug|Any CPU.Build.0 = Debug|Any CPU
		{ABC1910E-F117-ABE3-E924-ABE7BE203B37}.Release|Any CPU.ActiveCfg = Release|Any CPU
		{ABC1910E-F117-ABE3-E924-ABE7BE203B37}.Release|Any CPU.Build.0 = Release|Any CPU
		{D8E41965-3E86-D9A0-A4D2-ED1FB8CEE08A}.Debug|Any CPU.ActiveCfg = Debug|Any CPU
		{D8E41965-3E86-D9A0-A4D2-ED1FB8CEE08A}.Debug|Any CPU.Build.0 = Debug|Any CPU
		{D8E41965-3E86-D9A0-A4D2-ED1FB8CEE08A}.Release|Any CPU.ActiveCfg = Release|Any CPU
		{D8E41965-3E86-D9A0-A4D2-ED1FB8CEE08A}.Release|Any CPU.Build.0 = Release|Any CPU
	EndGlobalSection
	GlobalSection(SolutionProperties) = preSolution
		HideSolutionNode = FALSE
	EndGlobalSection
EndGlobal
